
Microsoft Visual Studio Solution File, Format Version 12.00
# Visual Studio 15
VisualStudioVersion = 15.0.26124.0
MinimumVisualStudioVersion = 15.0.26124.0
Project("{FAE04EC0-301F-11D3-BF4B-00C04F79EFBC}") = "Api", "Api\Api.csproj", "{F5E4AE68-9FCA-4E95-A449-4BCE66735286}"
EndProject
Project("{FAE04EC0-301F-11D3-BF4B-00C04F79EFBC}") = "application", "application\application.csproj", "{071F4733-7776-4FCA-BB32-453D24F38865}"
EndProject
Project("{FAE04EC0-301F-11D3-BF4B-00C04F79EFBC}") = "domain", "domain\domain.csproj", "{E96C1C58-20D5-4876-BC1E-2E50B433B7A8}"
EndProject
Project("{FAE04EC0-301F-11D3-BF4B-00C04F79EFBC}") = "persistence", "persistence\persistence.csproj", "{0B050323-A898-4067-B79C-E8C5EAA7A821}"
EndProject
Global
	GlobalSection(SolutionConfigurationPlatforms) = preSolution
		Debug|Any CPU = Debug|Any CPU
		Debug|x64 = Debug|x64
		Debug|x86 = Debug|x86
		Release|Any CPU = Release|Any CPU
		Release|x64 = Release|x64
		Release|x86 = Release|x86
	EndGlobalSection
	GlobalSection(SolutionProperties) = preSolution
		HideSolutionNode = FALSE
	EndGlobalSection
	GlobalSection(ProjectConfigurationPlatforms) = postSolution
		{F5E4AE68-9FCA-4E95-A449-4BCE66735286}.Debug|Any CPU.ActiveCfg = Debug|Any CPU
		{F5E4AE68-9FCA-4E95-A449-4BCE66735286}.Debug|Any CPU.Build.0 = Debug|Any CPU
		{F5E4AE68-9FCA-4E95-A449-4BCE66735286}.Debug|x64.ActiveCfg = Debug|Any CPU
		{F5E4AE68-9FCA-4E95-A449-4BCE66735286}.Debug|x64.Build.0 = Debug|Any CPU
		{F5E4AE68-9FCA-4E95-A449-4BCE66735286}.Debug|x86.ActiveCfg = Debug|Any CPU
		{F5E4AE68-9FCA-4E95-A449-4BCE66735286}.Debug|x86.Build.0 = Debug|Any CPU
		{F5E4AE68-9FCA-4E95-A449-4BCE66735286}.Release|Any CPU.ActiveCfg = Release|Any CPU
		{F5E4AE68-9FCA-4E95-A449-4BCE66735286}.Release|Any CPU.Build.0 = Release|Any CPU
		{F5E4AE68-9FCA-4E95-A449-4BCE66735286}.Release|x64.ActiveCfg = Release|Any CPU
		{F5E4AE68-9FCA-4E95-A449-4BCE66735286}.Release|x64.Build.0 = Release|Any CPU
		{F5E4AE68-9FCA-4E95-A449-4BCE66735286}.Release|x86.ActiveCfg = Release|Any CPU
		{F5E4AE68-9FCA-4E95-A449-4BCE66735286}.Release|x86.Build.0 = Release|Any CPU
		{071F4733-7776-4FCA-BB32-453D24F38865}.Debug|Any CPU.ActiveCfg = Debug|Any CPU
		{071F4733-7776-4FCA-BB32-453D24F38865}.Debug|Any CPU.Build.0 = Debug|Any CPU
		{071F4733-7776-4FCA-BB32-453D24F38865}.Debug|x64.ActiveCfg = Debug|Any CPU
		{071F4733-7776-4FCA-BB32-453D24F38865}.Debug|x64.Build.0 = Debug|Any CPU
		{071F4733-7776-4FCA-BB32-453D24F38865}.Debug|x86.ActiveCfg = Debug|Any CPU
		{071F4733-7776-4FCA-BB32-453D24F38865}.Debug|x86.Build.0 = Debug|Any CPU
		{071F4733-7776-4FCA-BB32-453D24F38865}.Release|Any CPU.ActiveCfg = Release|Any CPU
		{071F4733-7776-4FCA-BB32-453D24F38865}.Release|Any CPU.Build.0 = Release|Any CPU
		{071F4733-7776-4FCA-BB32-453D24F38865}.Release|x64.ActiveCfg = Release|Any CPU
		{071F4733-7776-4FCA-BB32-453D24F38865}.Release|x64.Build.0 = Release|Any CPU
		{071F4733-7776-4FCA-BB32-453D24F38865}.Release|x86.ActiveCfg = Release|Any CPU
		{071F4733-7776-4FCA-BB32-453D24F38865}.Release|x86.Build.0 = Release|Any CPU
		{E96C1C58-20D5-4876-BC1E-2E50B433B7A8}.Debug|Any CPU.ActiveCfg = Debug|Any CPU
		{E96C1C58-20D5-4876-BC1E-2E50B433B7A8}.Debug|Any CPU.Build.0 = Debug|Any CPU
		{E96C1C58-20D5-4876-BC1E-2E50B433B7A8}.Debug|x64.ActiveCfg = Debug|Any CPU
		{E96C1C58-20D5-4876-BC1E-2E50B433B7A8}.Debug|x64.Build.0 = Debug|Any CPU
		{E96C1C58-20D5-4876-BC1E-2E50B433B7A8}.Debug|x86.ActiveCfg = Debug|Any CPU
		{E96C1C58-20D5-4876-BC1E-2E50B433B7A8}.Debug|x86.Build.0 = Debug|Any CPU
		{E96C1C58-20D5-4876-BC1E-2E50B433B7A8}.Release|Any CPU.ActiveCfg = Release|Any CPU
		{E96C1C58-20D5-4876-BC1E-2E50B433B7A8}.Release|Any CPU.Build.0 = Release|Any CPU
		{E96C1C58-20D5-4876-BC1E-2E50B433B7A8}.Release|x64.ActiveCfg = Release|Any CPU
		{E96C1C58-20D5-4876-BC1E-2E50B433B7A8}.Release|x64.Build.0 = Release|Any CPU
		{E96C1C58-20D5-4876-BC1E-2E50B433B7A8}.Release|x86.ActiveCfg = Release|Any CPU
		{E96C1C58-20D5-4876-BC1E-2E50B433B7A8}.Release|x86.Build.0 = Release|Any CPU
		{0B050323-A898-4067-B79C-E8C5EAA7A821}.Debug|Any CPU.ActiveCfg = Debug|Any CPU
		{0B050323-A898-4067-B79C-E8C5EAA7A821}.Debug|Any CPU.Build.0 = Debug|Any CPU
		{0B050323-A898-4067-B79C-E8C5EAA7A821}.Debug|x64.ActiveCfg = Debug|Any CPU
		{0B050323-A898-4067-B79C-E8C5EAA7A821}.Debug|x64.Build.0 = Debug|Any CPU
		{0B050323-A898-4067-B79C-E8C5EAA7A821}.Debug|x86.ActiveCfg = Debug|Any CPU
		{0B050323-A898-4067-B79C-E8C5EAA7A821}.Debug|x86.Build.0 = Debug|Any CPU
		{0B050323-A898-4067-B79C-E8C5EAA7A821}.Release|Any CPU.ActiveCfg = Release|Any CPU
		{0B050323-A898-4067-B79C-E8C5EAA7A821}.Release|Any CPU.Build.0 = Release|Any CPU
		{0B050323-A898-4067-B79C-E8C5EAA7A821}.Release|x64.ActiveCfg = Release|Any CPU
		{0B050323-A898-4067-B79C-E8C5EAA7A821}.Release|x64.Build.0 = Release|Any CPU
		{0B050323-A898-4067-B79C-E8C5EAA7A821}.Release|x86.ActiveCfg = Release|Any CPU
		{0B050323-A898-4067-B79C-E8C5EAA7A821}.Release|x86.Build.0 = Release|Any CPU
	EndGlobalSection
EndGlobal
